
Microsoft Visual Studio Solution File, Format Version 12.00
# Visual Studio Version 16
VisualStudioVersion = 16.0.29409.12
MinimumVisualStudioVersion = 10.0.40219.1
Project("{F184B08F-C81C-45F6-A57F-5ABD9991F28F}") = "WinForms.Mvvm", "WinForms.Mvvm\WinForms.Mvvm.vbproj", "{465C8F58-F414-49BF-8A1C-1562FAAC8FCE}"
EndProject
Project("{F184B08F-C81C-45F6-A57F-5ABD9991F28F}") = "ShowAnimationWhileLoading", "ShowAnimationWhileLoading\ShowAnimationWhileLoading.vbproj", "{7C3F0F54-6B43-449B-A2C2-1AC81A79F7D1}"
EndProject
Project("{F184B08F-C81C-45F6-A57F-5ABD9991F28F}") = "LogUsingWithLog4NetAndSlf", "LogUsingWithLog4NetAndSlf\LogUsingWithLog4NetAndSlf.vbproj", "{36962494-43D3-4CDB-A5EA-54824B41F833}"
EndProject
Project("{FAE04EC0-301F-11D3-BF4B-00C04F79EFBC}") = "DapperDynamicSaveTest", "DapperDynamicSaveTest\DapperDynamicSaveTest.csproj", "{00DE9B98-2133-438F-BEBA-0FE56480362F}"
EndProject
Project("{00D1A9C2-B5F0-4AF3-8072-F6C62B433612}") = "DapperTestDB", "DapperTestDB\DapperTestDB.sqlproj", "{2BE848E4-5FC8-46D3-A8DF-85EC1CB4AE68}"
EndProject
Project("{FAE04EC0-301F-11D3-BF4B-00C04F79EFBC}") = "ReturnInsertedIdDapper", "ReturnInsertedIdDapper\ReturnInsertedIdDapper.csproj", "{27EFB68C-7E7A-4227-A44E-53EB0461C78D}"
EndProject
Project("{FAE04EC0-301F-11D3-BF4B-00C04F79EFBC}") = "ChangeTracking", "ChangeTracking\ChangeTracking.csproj", "{C58C4A1F-9DF6-4299-BBC1-D12664AECAAE}"
EndProject
Project("{FAE04EC0-301F-11D3-BF4B-00C04F79EFBC}") = "DetectCapsLockStatus", "DetectCapsLockStatus\DetectCapsLockStatus.csproj", "{1565C601-21EB-46E1-BB12-82776AE6EA5D}"
EndProject
Project("{FAE04EC0-301F-11D3-BF4B-00C04F79EFBC}") = "WaitForms", "WaitForms\WaitForms.csproj", "{8E998B27-1FAB-4463-9E97-51DC95C6BC58}"
EndProject
Project("{FAE04EC0-301F-11D3-BF4B-00C04F79EFBC}") = "BindNestedClassesAndCollections", "BindNestedClassesAndCollections\BindNestedClassesAndCollections.csproj", "{E3FD67E9-5189-4BA4-85AE-447DE89F1914}"
EndProject
Project("{FAE04EC0-301F-11D3-BF4B-00C04F79EFBC}") = "ReportViewerTestRdlc", "ReportViewerTestRdlc\ReportViewerTestRdlc.csproj", "{18D0EBEE-17CA-4DA0-894D-5A48CACEE99F}"
EndProject
Project("{9A19103F-16F7-4668-BE54-9A1E7A4F7556}") = "Sha1Hash", "Sha1Hash\Sha1Hash.csproj", "{B9D785D2-89C9-4F41-B348-C94170B80346}"
EndProject
Project("{FAE04EC0-301F-11D3-BF4B-00C04F79EFBC}") = "PayPalSubscriptionsPOC", "PayPalSubscriptionsPOC\PayPalSubscriptionsPOC.csproj", "{811E11BD-DED3-48E0-9591-C5CA87F1384A}"
EndProject
Project("{FAE04EC0-301F-11D3-BF4B-00C04F79EFBC}") = "ExtendingComboboxFunctionality", "ExtendingComboboxFunctionality\ExtendingComboboxFunctionality.csproj", "{96CE4596-AE6F-4353-962C-EB0FE008BA93}"
EndProject
Project("{FAE04EC0-301F-11D3-BF4B-00C04F79EFBC}") = "SyncFusionComboDatabind", "SyncFusionComboDatabind\SyncFusionComboDatabind.csproj", "{4DB7F294-446A-4E47-95C1-B785867E9413}"
EndProject
Project("{FAE04EC0-301F-11D3-BF4B-00C04F79EFBC}") = "TwilioMessaging", "TwilioMessaging\TwilioMessaging.csproj", "{0C260B54-34F3-4565-9FDF-631EE537ACDF}"
EndProject
Project("{FAE04EC0-301F-11D3-BF4B-00C04F79EFBC}") = "SmsUI", "TwilioUI\SmsUI.csproj", "{5B44CB18-7F27-4623-BFF2-274BE19EEE68}"
EndProject
Project("{FAE04EC0-301F-11D3-BF4B-00C04F79EFBC}") = "TelesignMessaging", "TelesignMessaging\TelesignMessaging.csproj", "{5DBFD816-2ECB-4E21-8F82-327AA2628961}"
EndProject
Project("{9A19103F-16F7-4668-BE54-9A1E7A4F7556}") = "SmsShared", "SmsShared\SmsShared.csproj", "{DC66CA19-CF62-4CA6-BA16-02D4F4D4B278}"
EndProject
Project("{9A19103F-16F7-4668-BE54-9A1E7A4F7556}") = "NexmoMessaging", "NexmoMessaging\NexmoMessaging.csproj", "{1F972A8B-FA1A-4EC5-8247-1EF81E68301D}"
EndProject
Project("{FAE04EC0-301F-11D3-BF4B-00C04F79EFBC}") = "LevyJenningsCharts", "LevyJenningsCharts\LevyJenningsCharts.csproj", "{02079759-97C5-4C80-A901-00E8198EFF6E}"
EndProject
Project("{FAE04EC0-301F-11D3-BF4B-00C04F79EFBC}") = "ReplaceDataInList", "ReplaceDataInList\ReplaceDataInList.csproj", "{6200CD60-0816-4E74-A591-EE3464253C78}"
EndProject
Project("{FAE04EC0-301F-11D3-BF4B-00C04F79EFBC}") = "LinearGuage", "LinearGuage\LinearGuage.csproj", "{FCE399FE-71EB-4D71-9F83-91823AD418D6}"
EndProject
Project("{FAE04EC0-301F-11D3-BF4B-00C04F79EFBC}") = "CheckboxesInAListBox", "CheckboxesInAListBox\CheckboxesInAListBox.csproj", "{E49A93E1-57A8-4380-9DAC-F94C9ED6416A}"
EndProject
Project("{FAE04EC0-301F-11D3-BF4B-00C04F79EFBC}") = "FluentValidationTest", "FluentValidationTest\FluentValidationTest.csproj", "{5E3B3418-2449-49B0-A0A9-E2C6A145DF51}"
EndProject
Project("{FAE04EC0-301F-11D3-BF4B-00C04F79EFBC}") = "GridControlDynamicCellControls", "GridControlDynamicCellControls\GridControlDynamicCellControls.csproj", "{F40421D9-36C5-4627-ABED-7D8C2C3D439B}"
EndProject
Project("{9A19103F-16F7-4668-BE54-9A1E7A4F7556}") = "MessentoSMSLibrary", "MessentoSMSLibrary\MessentoSMSLibrary.csproj", "{F259AD3B-3F45-475F-9280-45D6F3037800}"
EndProject
Project("{FAE04EC0-301F-11D3-BF4B-00C04F79EFBC}") = "SwitchDataGridDatasource", "SwitchDataGridDatasource\SwitchDataGridDatasource.csproj", "{E65C0A91-B4A8-47AF-A5A4-1CE8B7B6B7D7}"
EndProject
Project("{9A19103F-16F7-4668-BE54-9A1E7A4F7556}") = "CSharpToJson", "CSharpToJson\CSharpToJson.csproj", "{ED0B88BA-BC5B-4291-839B-380653928128}"
EndProject
Project("{FAE04EC0-301F-11D3-BF4B-00C04F79EFBC}") = "DialogResultTest", "DialogResultTest\DialogResultTest.csproj", "{FE0863A5-6C2C-487E-9FC6-ACDB546164FE}"
EndProject
Project("{FAE04EC0-301F-11D3-BF4B-00C04F79EFBC}") = "TestingGraphs", "TestingGraphs\TestingGraphs.csproj", "{93AC51C6-4308-41E0-8F93-30BF66EE205F}"
EndProject
Project("{FAE04EC0-301F-11D3-BF4B-00C04F79EFBC}") = "AuthorizationUiLevel", "AuthorizationUiLevel\AuthorizationUiLevel.csproj", "{F0F5F770-58DB-41EE-AFDD-A31781157FC3}"
EndProject
Global
	GlobalSection(SolutionConfigurationPlatforms) = preSolution
		Debug|Any CPU = Debug|Any CPU
		Release|Any CPU = Release|Any CPU
	EndGlobalSection
	GlobalSection(ProjectConfigurationPlatforms) = postSolution
		{465C8F58-F414-49BF-8A1C-1562FAAC8FCE}.Debug|Any CPU.ActiveCfg = Debug|Any CPU
		{465C8F58-F414-49BF-8A1C-1562FAAC8FCE}.Debug|Any CPU.Build.0 = Debug|Any CPU
		{465C8F58-F414-49BF-8A1C-1562FAAC8FCE}.Release|Any CPU.ActiveCfg = Release|Any CPU
		{465C8F58-F414-49BF-8A1C-1562FAAC8FCE}.Release|Any CPU.Build.0 = Release|Any CPU
		{7C3F0F54-6B43-449B-A2C2-1AC81A79F7D1}.Debug|Any CPU.ActiveCfg = Debug|Any CPU
		{7C3F0F54-6B43-449B-A2C2-1AC81A79F7D1}.Debug|Any CPU.Build.0 = Debug|Any CPU
		{7C3F0F54-6B43-449B-A2C2-1AC81A79F7D1}.Release|Any CPU.ActiveCfg = Release|Any CPU
		{7C3F0F54-6B43-449B-A2C2-1AC81A79F7D1}.Release|Any CPU.Build.0 = Release|Any CPU
		{36962494-43D3-4CDB-A5EA-54824B41F833}.Debug|Any CPU.ActiveCfg = Debug|Any CPU
		{36962494-43D3-4CDB-A5EA-54824B41F833}.Debug|Any CPU.Build.0 = Debug|Any CPU
		{36962494-43D3-4CDB-A5EA-54824B41F833}.Release|Any CPU.ActiveCfg = Release|Any CPU
		{36962494-43D3-4CDB-A5EA-54824B41F833}.Release|Any CPU.Build.0 = Release|Any CPU
		{00DE9B98-2133-438F-BEBA-0FE56480362F}.Debug|Any CPU.ActiveCfg = Debug|Any CPU
		{00DE9B98-2133-438F-BEBA-0FE56480362F}.Debug|Any CPU.Build.0 = Debug|Any CPU
		{00DE9B98-2133-438F-BEBA-0FE56480362F}.Release|Any CPU.ActiveCfg = Release|Any CPU
		{00DE9B98-2133-438F-BEBA-0FE56480362F}.Release|Any CPU.Build.0 = Release|Any CPU
		{2BE848E4-5FC8-46D3-A8DF-85EC1CB4AE68}.Debug|Any CPU.ActiveCfg = Debug|Any CPU
		{2BE848E4-5FC8-46D3-A8DF-85EC1CB4AE68}.Debug|Any CPU.Build.0 = Debug|Any CPU
		{2BE848E4-5FC8-46D3-A8DF-85EC1CB4AE68}.Debug|Any CPU.Deploy.0 = Debug|Any CPU
		{2BE848E4-5FC8-46D3-A8DF-85EC1CB4AE68}.Release|Any CPU.ActiveCfg = Release|Any CPU
		{2BE848E4-5FC8-46D3-A8DF-85EC1CB4AE68}.Release|Any CPU.Build.0 = Release|Any CPU
		{2BE848E4-5FC8-46D3-A8DF-85EC1CB4AE68}.Release|Any CPU.Deploy.0 = Release|Any CPU
		{27EFB68C-7E7A-4227-A44E-53EB0461C78D}.Debug|Any CPU.ActiveCfg = Debug|Any CPU
		{27EFB68C-7E7A-4227-A44E-53EB0461C78D}.Debug|Any CPU.Build.0 = Debug|Any CPU
		{27EFB68C-7E7A-4227-A44E-53EB0461C78D}.Release|Any CPU.ActiveCfg = Release|Any CPU
		{27EFB68C-7E7A-4227-A44E-53EB0461C78D}.Release|Any CPU.Build.0 = Release|Any CPU
		{C58C4A1F-9DF6-4299-BBC1-D12664AECAAE}.Debug|Any CPU.ActiveCfg = Debug|Any CPU
		{C58C4A1F-9DF6-4299-BBC1-D12664AECAAE}.Debug|Any CPU.Build.0 = Debug|Any CPU
		{C58C4A1F-9DF6-4299-BBC1-D12664AECAAE}.Release|Any CPU.ActiveCfg = Release|Any CPU
		{C58C4A1F-9DF6-4299-BBC1-D12664AECAAE}.Release|Any CPU.Build.0 = Release|Any CPU
		{1565C601-21EB-46E1-BB12-82776AE6EA5D}.Debug|Any CPU.ActiveCfg = Debug|Any CPU
		{1565C601-21EB-46E1-BB12-82776AE6EA5D}.Debug|Any CPU.Build.0 = Debug|Any CPU
		{1565C601-21EB-46E1-BB12-82776AE6EA5D}.Release|Any CPU.ActiveCfg = Release|Any CPU
		{1565C601-21EB-46E1-BB12-82776AE6EA5D}.Release|Any CPU.Build.0 = Release|Any CPU
		{8E998B27-1FAB-4463-9E97-51DC95C6BC58}.Debug|Any CPU.ActiveCfg = Debug|Any CPU
		{8E998B27-1FAB-4463-9E97-51DC95C6BC58}.Debug|Any CPU.Build.0 = Debug|Any CPU
		{8E998B27-1FAB-4463-9E97-51DC95C6BC58}.Release|Any CPU.ActiveCfg = Release|Any CPU
		{8E998B27-1FAB-4463-9E97-51DC95C6BC58}.Release|Any CPU.Build.0 = Release|Any CPU
		{E3FD67E9-5189-4BA4-85AE-447DE89F1914}.Debug|Any CPU.ActiveCfg = Debug|Any CPU
		{E3FD67E9-5189-4BA4-85AE-447DE89F1914}.Debug|Any CPU.Build.0 = Debug|Any CPU
		{E3FD67E9-5189-4BA4-85AE-447DE89F1914}.Release|Any CPU.ActiveCfg = Release|Any CPU
		{E3FD67E9-5189-4BA4-85AE-447DE89F1914}.Release|Any CPU.Build.0 = Release|Any CPU
		{18D0EBEE-17CA-4DA0-894D-5A48CACEE99F}.Debug|Any CPU.ActiveCfg = Debug|Any CPU
		{18D0EBEE-17CA-4DA0-894D-5A48CACEE99F}.Debug|Any CPU.Build.0 = Debug|Any CPU
		{18D0EBEE-17CA-4DA0-894D-5A48CACEE99F}.Release|Any CPU.ActiveCfg = Release|Any CPU
		{18D0EBEE-17CA-4DA0-894D-5A48CACEE99F}.Release|Any CPU.Build.0 = Release|Any CPU
		{B9D785D2-89C9-4F41-B348-C94170B80346}.Debug|Any CPU.ActiveCfg = Debug|Any CPU
		{B9D785D2-89C9-4F41-B348-C94170B80346}.Debug|Any CPU.Build.0 = Debug|Any CPU
		{B9D785D2-89C9-4F41-B348-C94170B80346}.Release|Any CPU.ActiveCfg = Release|Any CPU
		{B9D785D2-89C9-4F41-B348-C94170B80346}.Release|Any CPU.Build.0 = Release|Any CPU
		{811E11BD-DED3-48E0-9591-C5CA87F1384A}.Debug|Any CPU.ActiveCfg = Debug|Any CPU
		{811E11BD-DED3-48E0-9591-C5CA87F1384A}.Debug|Any CPU.Build.0 = Debug|Any CPU
		{811E11BD-DED3-48E0-9591-C5CA87F1384A}.Release|Any CPU.ActiveCfg = Release|Any CPU
		{811E11BD-DED3-48E0-9591-C5CA87F1384A}.Release|Any CPU.Build.0 = Release|Any CPU
		{96CE4596-AE6F-4353-962C-EB0FE008BA93}.Debug|Any CPU.ActiveCfg = Debug|Any CPU
		{96CE4596-AE6F-4353-962C-EB0FE008BA93}.Debug|Any CPU.Build.0 = Debug|Any CPU
		{96CE4596-AE6F-4353-962C-EB0FE008BA93}.Release|Any CPU.ActiveCfg = Release|Any CPU
		{96CE4596-AE6F-4353-962C-EB0FE008BA93}.Release|Any CPU.Build.0 = Release|Any CPU
		{4DB7F294-446A-4E47-95C1-B785867E9413}.Debug|Any CPU.ActiveCfg = Debug|Any CPU
		{4DB7F294-446A-4E47-95C1-B785867E9413}.Debug|Any CPU.Build.0 = Debug|Any CPU
		{4DB7F294-446A-4E47-95C1-B785867E9413}.Release|Any CPU.ActiveCfg = Release|Any CPU
		{4DB7F294-446A-4E47-95C1-B785867E9413}.Release|Any CPU.Build.0 = Release|Any CPU
		{0C260B54-34F3-4565-9FDF-631EE537ACDF}.Debug|Any CPU.ActiveCfg = Debug|Any CPU
		{0C260B54-34F3-4565-9FDF-631EE537ACDF}.Debug|Any CPU.Build.0 = Debug|Any CPU
		{0C260B54-34F3-4565-9FDF-631EE537ACDF}.Release|Any CPU.ActiveCfg = Release|Any CPU
		{0C260B54-34F3-4565-9FDF-631EE537ACDF}.Release|Any CPU.Build.0 = Release|Any CPU
		{5B44CB18-7F27-4623-BFF2-274BE19EEE68}.Debug|Any CPU.ActiveCfg = Debug|Any CPU
		{5B44CB18-7F27-4623-BFF2-274BE19EEE68}.Debug|Any CPU.Build.0 = Debug|Any CPU
		{5B44CB18-7F27-4623-BFF2-274BE19EEE68}.Release|Any CPU.ActiveCfg = Release|Any CPU
		{5B44CB18-7F27-4623-BFF2-274BE19EEE68}.Release|Any CPU.Build.0 = Release|Any CPU
		{5DBFD816-2ECB-4E21-8F82-327AA2628961}.Debug|Any CPU.ActiveCfg = Debug|Any CPU
		{5DBFD816-2ECB-4E21-8F82-327AA2628961}.Debug|Any CPU.Build.0 = Debug|Any CPU
		{5DBFD816-2ECB-4E21-8F82-327AA2628961}.Release|Any CPU.ActiveCfg = Release|Any CPU
		{5DBFD816-2ECB-4E21-8F82-327AA2628961}.Release|Any CPU.Build.0 = Release|Any CPU
		{DC66CA19-CF62-4CA6-BA16-02D4F4D4B278}.Debug|Any CPU.ActiveCfg = Debug|Any CPU
		{DC66CA19-CF62-4CA6-BA16-02D4F4D4B278}.Debug|Any CPU.Build.0 = Debug|Any CPU
		{DC66CA19-CF62-4CA6-BA16-02D4F4D4B278}.Release|Any CPU.ActiveCfg = Release|Any CPU
		{DC66CA19-CF62-4CA6-BA16-02D4F4D4B278}.Release|Any CPU.Build.0 = Release|Any CPU
		{1F972A8B-FA1A-4EC5-8247-1EF81E68301D}.Debug|Any CPU.ActiveCfg = Debug|Any CPU
		{1F972A8B-FA1A-4EC5-8247-1EF81E68301D}.Debug|Any CPU.Build.0 = Debug|Any CPU
		{1F972A8B-FA1A-4EC5-8247-1EF81E68301D}.Release|Any CPU.ActiveCfg = Release|Any CPU
		{1F972A8B-FA1A-4EC5-8247-1EF81E68301D}.Release|Any CPU.Build.0 = Release|Any CPU
		{02079759-97C5-4C80-A901-00E8198EFF6E}.Debug|Any CPU.ActiveCfg = Debug|Any CPU
		{02079759-97C5-4C80-A901-00E8198EFF6E}.Debug|Any CPU.Build.0 = Debug|Any CPU
		{02079759-97C5-4C80-A901-00E8198EFF6E}.Release|Any CPU.ActiveCfg = Release|Any CPU
		{02079759-97C5-4C80-A901-00E8198EFF6E}.Release|Any CPU.Build.0 = Release|Any CPU
		{6200CD60-0816-4E74-A591-EE3464253C78}.Debug|Any CPU.ActiveCfg = Debug|Any CPU
		{6200CD60-0816-4E74-A591-EE3464253C78}.Debug|Any CPU.Build.0 = Debug|Any CPU
		{6200CD60-0816-4E74-A591-EE3464253C78}.Release|Any CPU.ActiveCfg = Release|Any CPU
		{6200CD60-0816-4E74-A591-EE3464253C78}.Release|Any CPU.Build.0 = Release|Any CPU
		{FCE399FE-71EB-4D71-9F83-91823AD418D6}.Debug|Any CPU.ActiveCfg = Debug|Any CPU
		{FCE399FE-71EB-4D71-9F83-91823AD418D6}.Debug|Any CPU.Build.0 = Debug|Any CPU
		{FCE399FE-71EB-4D71-9F83-91823AD418D6}.Release|Any CPU.ActiveCfg = Release|Any CPU
		{FCE399FE-71EB-4D71-9F83-91823AD418D6}.Release|Any CPU.Build.0 = Release|Any CPU
		{E49A93E1-57A8-4380-9DAC-F94C9ED6416A}.Debug|Any CPU.ActiveCfg = Debug|Any CPU
		{E49A93E1-57A8-4380-9DAC-F94C9ED6416A}.Debug|Any CPU.Build.0 = Debug|Any CPU
		{E49A93E1-57A8-4380-9DAC-F94C9ED6416A}.Release|Any CPU.ActiveCfg = Release|Any CPU
		{E49A93E1-57A8-4380-9DAC-F94C9ED6416A}.Release|Any CPU.Build.0 = Release|Any CPU
		{5E3B3418-2449-49B0-A0A9-E2C6A145DF51}.Debug|Any CPU.ActiveCfg = Debug|Any CPU
		{5E3B3418-2449-49B0-A0A9-E2C6A145DF51}.Debug|Any CPU.Build.0 = Debug|Any CPU
		{5E3B3418-2449-49B0-A0A9-E2C6A145DF51}.Release|Any CPU.ActiveCfg = Release|Any CPU
		{5E3B3418-2449-49B0-A0A9-E2C6A145DF51}.Release|Any CPU.Build.0 = Release|Any CPU
		{F40421D9-36C5-4627-ABED-7D8C2C3D439B}.Debug|Any CPU.ActiveCfg = Debug|Any CPU
		{F40421D9-36C5-4627-ABED-7D8C2C3D439B}.Debug|Any CPU.Build.0 = Debug|Any CPU
		{F40421D9-36C5-4627-ABED-7D8C2C3D439B}.Release|Any CPU.ActiveCfg = Release|Any CPU
		{F40421D9-36C5-4627-ABED-7D8C2C3D439B}.Release|Any CPU.Build.0 = Release|Any CPU
		{F259AD3B-3F45-475F-9280-45D6F3037800}.Debug|Any CPU.ActiveCfg = Debug|Any CPU
		{F259AD3B-3F45-475F-9280-45D6F3037800}.Debug|Any CPU.Build.0 = Debug|Any CPU
		{F259AD3B-3F45-475F-9280-45D6F3037800}.Release|Any CPU.ActiveCfg = Release|Any CPU
		{F259AD3B-3F45-475F-9280-45D6F3037800}.Release|Any CPU.Build.0 = Release|Any CPU
		{E65C0A91-B4A8-47AF-A5A4-1CE8B7B6B7D7}.Debug|Any CPU.ActiveCfg = Debug|Any CPU
		{E65C0A91-B4A8-47AF-A5A4-1CE8B7B6B7D7}.Debug|Any CPU.Build.0 = Debug|Any CPU
		{E65C0A91-B4A8-47AF-A5A4-1CE8B7B6B7D7}.Release|Any CPU.ActiveCfg = Release|Any CPU
		{E65C0A91-B4A8-47AF-A5A4-1CE8B7B6B7D7}.Release|Any CPU.Build.0 = Release|Any CPU
		{ED0B88BA-BC5B-4291-839B-380653928128}.Debug|Any CPU.ActiveCfg = Debug|Any CPU
		{ED0B88BA-BC5B-4291-839B-380653928128}.Debug|Any CPU.Build.0 = Debug|Any CPU
		{ED0B88BA-BC5B-4291-839B-380653928128}.Release|Any CPU.ActiveCfg = Release|Any CPU
		{ED0B88BA-BC5B-4291-839B-380653928128}.Release|Any CPU.Build.0 = Release|Any CPU
		{FE0863A5-6C2C-487E-9FC6-ACDB546164FE}.Debug|Any CPU.ActiveCfg = Debug|Any CPU
		{FE0863A5-6C2C-487E-9FC6-ACDB546164FE}.Debug|Any CPU.Build.0 = Debug|Any CPU
		{FE0863A5-6C2C-487E-9FC6-ACDB546164FE}.Release|Any CPU.ActiveCfg = Release|Any CPU
		{FE0863A5-6C2C-487E-9FC6-ACDB546164FE}.Release|Any CPU.Build.0 = Release|Any CPU
		{93AC51C6-4308-41E0-8F93-30BF66EE205F}.Debug|Any CPU.ActiveCfg = Debug|Any CPU
		{93AC51C6-4308-41E0-8F93-30BF66EE205F}.Debug|Any CPU.Build.0 = Debug|Any CPU
		{93AC51C6-4308-41E0-8F93-30BF66EE205F}.Release|Any CPU.ActiveCfg = Release|Any CPU
		{93AC51C6-4308-41E0-8F93-30BF66EE205F}.Release|Any CPU.Build.0 = Release|Any CPU
		{F0F5F770-58DB-41EE-AFDD-A31781157FC3}.Debug|Any CPU.ActiveCfg = Debug|Any CPU
		{F0F5F770-58DB-41EE-AFDD-A31781157FC3}.Debug|Any CPU.Build.0 = Debug|Any CPU
		{F0F5F770-58DB-41EE-AFDD-A31781157FC3}.Release|Any CPU.ActiveCfg = Release|Any CPU
		{F0F5F770-58DB-41EE-AFDD-A31781157FC3}.Release|Any CPU.Build.0 = Release|Any CPU
	EndGlobalSection
	GlobalSection(SolutionProperties) = preSolution
		HideSolutionNode = FALSE
	EndGlobalSection
	GlobalSection(ExtensibilityGlobals) = postSolution
		SolutionGuid = {5AA5FEB8-9755-4B37-9703-B3A48B5079D4}
	EndGlobalSection
EndGlobal
